
Microsoft Visual Studio Solution File, Format Version 12.00
# Visual Studio Version 17
VisualStudioVersion = 17.2.32616.157
MinimumVisualStudioVersion = 10.0.40219.1
Project("{FAE04EC0-301F-11D3-BF4B-00C04F79EFBC}") = "HandlingExceptions", "HandlingExceptions\HandlingExceptions.csproj", "{2BCED883-1E5F-4A42-A23A-E94849F368A7}"
EndProject
Global
	GlobalSection(SolutionConfigurationPlatforms) = preSolution
		Debug|Any CPU = Debug|Any CPU
		Release|Any CPU = Release|Any CPU
	EndGlobalSection
	GlobalSection(ProjectConfigurationPlatforms) = postSolution
		{2BCED883-1E5F-4A42-A23A-E94849F368A7}.Debug|Any CPU.ActiveCfg = Debug|Any CPU
		{2BCED883-1E5F-4A42-A23A-E94849F368A7}.Debug|Any CPU.Build.0 = Debug|Any CPU
		{2BCED883-1E5F-4A42-A23A-E94849F368A7}.Release|Any CPU.ActiveCfg = Release|Any CPU
		{2BCED883-1E5F-4A42-A23A-E94849F368A7}.Release|Any CPU.Build.0 = Release|Any CPU
	EndGlobalSection
	GlobalSection(SolutionProperties) = preSolution
		HideSolutionNode = FALSE
	EndGlobalSection
	GlobalSection(ExtensibilityGlobals) = postSolution
		SolutionGuid = {51CF7172-34F2-4059-8655-C557CF681EC2}
	EndGlobalSection
EndGlobal
