
Microsoft Visual Studio Solution File, Format Version 12.00
# Visual Studio Version 17
VisualStudioVersion = 17.2.32616.157
MinimumVisualStudioVersion = 10.0.40219.1
Project("{FAE04EC0-301F-11D3-BF4B-00C04F79EFBC}") = "Exercise3.1", "Exercise3.1\Exercise3.1.csproj", "{1EB0EF8F-4A80-4063-8071-D8DACDB10C31}"
EndProject
Global
	GlobalSection(SolutionConfigurationPlatforms) = preSolution
		Debug|Any CPU = Debug|Any CPU
		Release|Any CPU = Release|Any CPU
	EndGlobalSection
	GlobalSection(ProjectConfigurationPlatforms) = postSolution
		{1EB0EF8F-4A80-4063-8071-D8DACDB10C31}.Debug|Any CPU.ActiveCfg = Debug|Any CPU
		{1EB0EF8F-4A80-4063-8071-D8DACDB10C31}.Debug|Any CPU.Build.0 = Debug|Any CPU
		{1EB0EF8F-4A80-4063-8071-D8DACDB10C31}.Release|Any CPU.ActiveCfg = Release|Any CPU
		{1EB0EF8F-4A80-4063-8071-D8DACDB10C31}.Release|Any CPU.Build.0 = Release|Any CPU
	EndGlobalSection
	GlobalSection(SolutionProperties) = preSolution
		HideSolutionNode = FALSE
	EndGlobalSection
	GlobalSection(ExtensibilityGlobals) = postSolution
		SolutionGuid = {D76F0042-9455-4F11-99DB-B751B7087E91}
	EndGlobalSection
EndGlobal
