
Microsoft Visual Studio Solution File, Format Version 12.00
# Visual Studio Version 17
VisualStudioVersion = 17.2.32616.157
MinimumVisualStudioVersion = 10.0.40219.1
Project("{FAE04EC0-301F-11D3-BF4B-00C04F79EFBC}") = "Debugging", "Debugging\Debugging.csproj", "{928DBA0E-FAA5-4ACB-8DCE-A0D44BB8E7D9}"
EndProject
Global
	GlobalSection(SolutionConfigurationPlatforms) = preSolution
		Debug|Any CPU = Debug|Any CPU
		Release|Any CPU = Release|Any CPU
	EndGlobalSection
	GlobalSection(ProjectConfigurationPlatforms) = postSolution
		{928DBA0E-FAA5-4ACB-8DCE-A0D44BB8E7D9}.Debug|Any CPU.ActiveCfg = Debug|Any CPU
		{928DBA0E-FAA5-4ACB-8DCE-A0D44BB8E7D9}.Debug|Any CPU.Build.0 = Debug|Any CPU
		{928DBA0E-FAA5-4ACB-8DCE-A0D44BB8E7D9}.Release|Any CPU.ActiveCfg = Release|Any CPU
		{928DBA0E-FAA5-4ACB-8DCE-A0D44BB8E7D9}.Release|Any CPU.Build.0 = Release|Any CPU
	EndGlobalSection
	GlobalSection(SolutionProperties) = preSolution
		HideSolutionNode = FALSE
	EndGlobalSection
	GlobalSection(ExtensibilityGlobals) = postSolution
		SolutionGuid = {DB2FFD71-D382-4CFC-82EC-17EC429D2141}
	EndGlobalSection
EndGlobal
