
Microsoft Visual Studio Solution File, Format Version 12.00
# Visual Studio Version 17
VisualStudioVersion = 17.2.32616.157
MinimumVisualStudioVersion = 10.0.40219.1
Project("{FAE04EC0-301F-11D3-BF4B-00C04F79EFBC}") = "Formating", "Formating.csproj", "{6753BFB2-A40B-48CC-B1EF-D84D5651CCE7}"
EndProject
Global
	GlobalSection(SolutionConfigurationPlatforms) = preSolution
		Debug|Any CPU = Debug|Any CPU
		Release|Any CPU = Release|Any CPU
	EndGlobalSection
	GlobalSection(ProjectConfigurationPlatforms) = postSolution
		{6753BFB2-A40B-48CC-B1EF-D84D5651CCE7}.Debug|Any CPU.ActiveCfg = Debug|Any CPU
		{6753BFB2-A40B-48CC-B1EF-D84D5651CCE7}.Debug|Any CPU.Build.0 = Debug|Any CPU
		{6753BFB2-A40B-48CC-B1EF-D84D5651CCE7}.Release|Any CPU.ActiveCfg = Release|Any CPU
		{6753BFB2-A40B-48CC-B1EF-D84D5651CCE7}.Release|Any CPU.Build.0 = Release|Any CPU
	EndGlobalSection
	GlobalSection(SolutionProperties) = preSolution
		HideSolutionNode = FALSE
	EndGlobalSection
	GlobalSection(ExtensibilityGlobals) = postSolution
		SolutionGuid = {1660DF41-D87C-4745-B09C-8F7106931CB0}
	EndGlobalSection
EndGlobal
