
Microsoft Visual Studio Solution File, Format Version 12.00
# Visual Studio Version 17
VisualStudioVersion = 17.2.32616.157
MinimumVisualStudioVersion = 10.0.40219.1
Project("{FAE04EC0-301F-11D3-BF4B-00C04F79EFBC}") = "Operators", "Operators\Operators.csproj", "{B5F59E49-B58B-4F21-B626-BAC2D6D3577A}"
EndProject
Global
	GlobalSection(SolutionConfigurationPlatforms) = preSolution
		Debug|Any CPU = Debug|Any CPU
		Release|Any CPU = Release|Any CPU
	EndGlobalSection
	GlobalSection(ProjectConfigurationPlatforms) = postSolution
		{B5F59E49-B58B-4F21-B626-BAC2D6D3577A}.Debug|Any CPU.ActiveCfg = Debug|Any CPU
		{B5F59E49-B58B-4F21-B626-BAC2D6D3577A}.Debug|Any CPU.Build.0 = Debug|Any CPU
		{B5F59E49-B58B-4F21-B626-BAC2D6D3577A}.Release|Any CPU.ActiveCfg = Release|Any CPU
		{B5F59E49-B58B-4F21-B626-BAC2D6D3577A}.Release|Any CPU.Build.0 = Release|Any CPU
	EndGlobalSection
	GlobalSection(SolutionProperties) = preSolution
		HideSolutionNode = FALSE
	EndGlobalSection
	GlobalSection(ExtensibilityGlobals) = postSolution
		SolutionGuid = {CDA61E83-0971-4462-96CB-0D9C152C42A0}
	EndGlobalSection
EndGlobal
